
Microsoft Visual Studio Solution File, Format Version 12.00
# Visual Studio 15
VisualStudioVersion = 15.0.28010.2026
MinimumVisualStudioVersion = 10.0.40219.1
Project("{FAE04EC0-301F-11D3-BF4B-00C04F79EFBC}") = "sales.Android", "sales\sales.Android\sales.Android.csproj", "{B12F24F9-A0A0-45AF-ACA0-DAC3FCDDE169}"
EndProject
Project("{FAE04EC0-301F-11D3-BF4B-00C04F79EFBC}") = "sales.iOS", "sales\sales.iOS\sales.iOS.csproj", "{5D69C6CD-B003-40E4-9B95-4EF08B0458D4}"
EndProject
Project("{FAE04EC0-301F-11D3-BF4B-00C04F79EFBC}") = "sales.UWP", "sales\sales.UWP\sales.UWP.csproj", "{72750876-42FD-407A-95B6-D892BB4AB4F4}"
EndProject
Project("{FAE04EC0-301F-11D3-BF4B-00C04F79EFBC}") = "sales", "sales\sales\sales.csproj", "{30619399-28CE-4292-8107-31531F6EDEF8}"
EndProject
Project("{FAE04EC0-301F-11D3-BF4B-00C04F79EFBC}") = "sales.Backend", "sales.Backend\sales.Backend.csproj", "{0D1023E6-72F4-46A9-9AF4-F1B8E46BE3DD}"
EndProject
Project("{FAE04EC0-301F-11D3-BF4B-00C04F79EFBC}") = "sales.API", "sales.API\sales.API.csproj", "{1793A9D0-CA5C-4D55-B87A-3EE573E1C999}"
EndProject
Project("{FAE04EC0-301F-11D3-BF4B-00C04F79EFBC}") = "sales.Domain", "sales.Domain\sales.Domain.csproj", "{F1BC6524-4DAF-43C7-A3AF-A70C2BDE3A86}"
EndProject
Project("{FAE04EC0-301F-11D3-BF4B-00C04F79EFBC}") = "sales.Common", "sales.Common\sales.Common.csproj", "{952AC8F4-4EF7-4211-81C5-78FB456FE2A1}"
EndProject
Global
	GlobalSection(SolutionConfigurationPlatforms) = preSolution
		Ad-Hoc|Any CPU = Ad-Hoc|Any CPU
		Ad-Hoc|ARM = Ad-Hoc|ARM
		Ad-Hoc|iPhone = Ad-Hoc|iPhone
		Ad-Hoc|iPhoneSimulator = Ad-Hoc|iPhoneSimulator
		Ad-Hoc|x64 = Ad-Hoc|x64
		Ad-Hoc|x86 = Ad-Hoc|x86
		AppStore|Any CPU = AppStore|Any CPU
		AppStore|ARM = AppStore|ARM
		AppStore|iPhone = AppStore|iPhone
		AppStore|iPhoneSimulator = AppStore|iPhoneSimulator
		AppStore|x64 = AppStore|x64
		AppStore|x86 = AppStore|x86
		Debug|Any CPU = Debug|Any CPU
		Debug|ARM = Debug|ARM
		Debug|iPhone = Debug|iPhone
		Debug|iPhoneSimulator = Debug|iPhoneSimulator
		Debug|x64 = Debug|x64
		Debug|x86 = Debug|x86
		Release|Any CPU = Release|Any CPU
		Release|ARM = Release|ARM
		Release|iPhone = Release|iPhone
		Release|iPhoneSimulator = Release|iPhoneSimulator
		Release|x64 = Release|x64
		Release|x86 = Release|x86
	EndGlobalSection
	GlobalSection(ProjectConfigurationPlatforms) = postSolution
		{B12F24F9-A0A0-45AF-ACA0-DAC3FCDDE169}.Ad-Hoc|Any CPU.ActiveCfg = Release|Any CPU
		{B12F24F9-A0A0-45AF-ACA0-DAC3FCDDE169}.Ad-Hoc|Any CPU.Build.0 = Release|Any CPU
		{B12F24F9-A0A0-45AF-ACA0-DAC3FCDDE169}.Ad-Hoc|Any CPU.Deploy.0 = Release|Any CPU
		{B12F24F9-A0A0-45AF-ACA0-DAC3FCDDE169}.Ad-Hoc|ARM.ActiveCfg = Release|Any CPU
		{B12F24F9-A0A0-45AF-ACA0-DAC3FCDDE169}.Ad-Hoc|ARM.Build.0 = Release|Any CPU
		{B12F24F9-A0A0-45AF-ACA0-DAC3FCDDE169}.Ad-Hoc|ARM.Deploy.0 = Release|Any CPU
		{B12F24F9-A0A0-45AF-ACA0-DAC3FCDDE169}.Ad-Hoc|iPhone.ActiveCfg = Release|Any CPU
		{B12F24F9-A0A0-45AF-ACA0-DAC3FCDDE169}.Ad-Hoc|iPhone.Build.0 = Release|Any CPU
		{B12F24F9-A0A0-45AF-ACA0-DAC3FCDDE169}.Ad-Hoc|iPhone.Deploy.0 = Release|Any CPU
		{B12F24F9-A0A0-45AF-ACA0-DAC3FCDDE169}.Ad-Hoc|iPhoneSimulator.ActiveCfg = Release|Any CPU
		{B12F24F9-A0A0-45AF-ACA0-DAC3FCDDE169}.Ad-Hoc|iPhoneSimulator.Build.0 = Release|Any CPU
		{B12F24F9-A0A0-45AF-ACA0-DAC3FCDDE169}.Ad-Hoc|iPhoneSimulator.Deploy.0 = Release|Any CPU
		{B12F24F9-A0A0-45AF-ACA0-DAC3FCDDE169}.Ad-Hoc|x64.ActiveCfg = Release|Any CPU
		{B12F24F9-A0A0-45AF-ACA0-DAC3FCDDE169}.Ad-Hoc|x64.Build.0 = Release|Any CPU
		{B12F24F9-A0A0-45AF-ACA0-DAC3FCDDE169}.Ad-Hoc|x64.Deploy.0 = Release|Any CPU
		{B12F24F9-A0A0-45AF-ACA0-DAC3FCDDE169}.Ad-Hoc|x86.ActiveCfg = Release|Any CPU
		{B12F24F9-A0A0-45AF-ACA0-DAC3FCDDE169}.Ad-Hoc|x86.Build.0 = Release|Any CPU
		{B12F24F9-A0A0-45AF-ACA0-DAC3FCDDE169}.Ad-Hoc|x86.Deploy.0 = Release|Any CPU
		{B12F24F9-A0A0-45AF-ACA0-DAC3FCDDE169}.AppStore|Any CPU.ActiveCfg = Release|Any CPU
		{B12F24F9-A0A0-45AF-ACA0-DAC3FCDDE169}.AppStore|Any CPU.Build.0 = Release|Any CPU
		{B12F24F9-A0A0-45AF-ACA0-DAC3FCDDE169}.AppStore|Any CPU.Deploy.0 = Release|Any CPU
		{B12F24F9-A0A0-45AF-ACA0-DAC3FCDDE169}.AppStore|ARM.ActiveCfg = Release|Any CPU
		{B12F24F9-A0A0-45AF-ACA0-DAC3FCDDE169}.AppStore|ARM.Build.0 = Release|Any CPU
		{B12F24F9-A0A0-45AF-ACA0-DAC3FCDDE169}.AppStore|ARM.Deploy.0 = Release|Any CPU
		{B12F24F9-A0A0-45AF-ACA0-DAC3FCDDE169}.AppStore|iPhone.ActiveCfg = Release|Any CPU
		{B12F24F9-A0A0-45AF-ACA0-DAC3FCDDE169}.AppStore|iPhone.Build.0 = Release|Any CPU
		{B12F24F9-A0A0-45AF-ACA0-DAC3FCDDE169}.AppStore|iPhone.Deploy.0 = Release|Any CPU
		{B12F24F9-A0A0-45AF-ACA0-DAC3FCDDE169}.AppStore|iPhoneSimulator.ActiveCfg = Release|Any CPU
		{B12F24F9-A0A0-45AF-ACA0-DAC3FCDDE169}.AppStore|iPhoneSimulator.Build.0 = Release|Any CPU
		{B12F24F9-A0A0-45AF-ACA0-DAC3FCDDE169}.AppStore|iPhoneSimulator.Deploy.0 = Release|Any CPU
		{B12F24F9-A0A0-45AF-ACA0-DAC3FCDDE169}.AppStore|x64.ActiveCfg = Release|Any CPU
		{B12F24F9-A0A0-45AF-ACA0-DAC3FCDDE169}.AppStore|x64.Build.0 = Release|Any CPU
		{B12F24F9-A0A0-45AF-ACA0-DAC3FCDDE169}.AppStore|x64.Deploy.0 = Release|Any CPU
		{B12F24F9-A0A0-45AF-ACA0-DAC3FCDDE169}.AppStore|x86.ActiveCfg = Release|Any CPU
		{B12F24F9-A0A0-45AF-ACA0-DAC3FCDDE169}.AppStore|x86.Build.0 = Release|Any CPU
		{B12F24F9-A0A0-45AF-ACA0-DAC3FCDDE169}.AppStore|x86.Deploy.0 = Release|Any CPU
		{B12F24F9-A0A0-45AF-ACA0-DAC3FCDDE169}.Debug|Any CPU.ActiveCfg = Debug|Any CPU
		{B12F24F9-A0A0-45AF-ACA0-DAC3FCDDE169}.Debug|Any CPU.Build.0 = Debug|Any CPU
		{B12F24F9-A0A0-45AF-ACA0-DAC3FCDDE169}.Debug|Any CPU.Deploy.0 = Debug|Any CPU
		{B12F24F9-A0A0-45AF-ACA0-DAC3FCDDE169}.Debug|ARM.ActiveCfg = Debug|Any CPU
		{B12F24F9-A0A0-45AF-ACA0-DAC3FCDDE169}.Debug|ARM.Build.0 = Debug|Any CPU
		{B12F24F9-A0A0-45AF-ACA0-DAC3FCDDE169}.Debug|ARM.Deploy.0 = Debug|Any CPU
		{B12F24F9-A0A0-45AF-ACA0-DAC3FCDDE169}.Debug|iPhone.ActiveCfg = Debug|Any CPU
		{B12F24F9-A0A0-45AF-ACA0-DAC3FCDDE169}.Debug|iPhone.Build.0 = Debug|Any CPU
		{B12F24F9-A0A0-45AF-ACA0-DAC3FCDDE169}.Debug|iPhone.Deploy.0 = Debug|Any CPU
		{B12F24F9-A0A0-45AF-ACA0-DAC3FCDDE169}.Debug|iPhoneSimulator.ActiveCfg = Debug|Any CPU
		{B12F24F9-A0A0-45AF-ACA0-DAC3FCDDE169}.Debug|iPhoneSimulator.Build.0 = Debug|Any CPU
		{B12F24F9-A0A0-45AF-ACA0-DAC3FCDDE169}.Debug|iPhoneSimulator.Deploy.0 = Debug|Any CPU
		{B12F24F9-A0A0-45AF-ACA0-DAC3FCDDE169}.Debug|x64.ActiveCfg = Debug|Any CPU
		{B12F24F9-A0A0-45AF-ACA0-DAC3FCDDE169}.Debug|x64.Build.0 = Debug|Any CPU
		{B12F24F9-A0A0-45AF-ACA0-DAC3FCDDE169}.Debug|x64.Deploy.0 = Debug|Any CPU
		{B12F24F9-A0A0-45AF-ACA0-DAC3FCDDE169}.Debug|x86.ActiveCfg = Debug|Any CPU
		{B12F24F9-A0A0-45AF-ACA0-DAC3FCDDE169}.Debug|x86.Build.0 = Debug|Any CPU
		{B12F24F9-A0A0-45AF-ACA0-DAC3FCDDE169}.Debug|x86.Deploy.0 = Debug|Any CPU
		{B12F24F9-A0A0-45AF-ACA0-DAC3FCDDE169}.Release|Any CPU.ActiveCfg = Release|Any CPU
		{B12F24F9-A0A0-45AF-ACA0-DAC3FCDDE169}.Release|Any CPU.Build.0 = Release|Any CPU
		{B12F24F9-A0A0-45AF-ACA0-DAC3FCDDE169}.Release|Any CPU.Deploy.0 = Release|Any CPU
		{B12F24F9-A0A0-45AF-ACA0-DAC3FCDDE169}.Release|ARM.ActiveCfg = Release|Any CPU
		{B12F24F9-A0A0-45AF-ACA0-DAC3FCDDE169}.Release|ARM.Build.0 = Release|Any CPU
		{B12F24F9-A0A0-45AF-ACA0-DAC3FCDDE169}.Release|ARM.Deploy.0 = Release|Any CPU
		{B12F24F9-A0A0-45AF-ACA0-DAC3FCDDE169}.Release|iPhone.ActiveCfg = Release|Any CPU
		{B12F24F9-A0A0-45AF-ACA0-DAC3FCDDE169}.Release|iPhone.Build.0 = Release|Any CPU
		{B12F24F9-A0A0-45AF-ACA0-DAC3FCDDE169}.Release|iPhone.Deploy.0 = Release|Any CPU
		{B12F24F9-A0A0-45AF-ACA0-DAC3FCDDE169}.Release|iPhoneSimulator.ActiveCfg = Release|Any CPU
		{B12F24F9-A0A0-45AF-ACA0-DAC3FCDDE169}.Release|iPhoneSimulator.Build.0 = Release|Any CPU
		{B12F24F9-A0A0-45AF-ACA0-DAC3FCDDE169}.Release|iPhoneSimulator.Deploy.0 = Release|Any CPU
		{B12F24F9-A0A0-45AF-ACA0-DAC3FCDDE169}.Release|x64.ActiveCfg = Release|Any CPU
		{B12F24F9-A0A0-45AF-ACA0-DAC3FCDDE169}.Release|x64.Build.0 = Release|Any CPU
		{B12F24F9-A0A0-45AF-ACA0-DAC3FCDDE169}.Release|x64.Deploy.0 = Release|Any CPU
		{B12F24F9-A0A0-45AF-ACA0-DAC3FCDDE169}.Release|x86.ActiveCfg = Release|Any CPU
		{B12F24F9-A0A0-45AF-ACA0-DAC3FCDDE169}.Release|x86.Build.0 = Release|Any CPU
		{B12F24F9-A0A0-45AF-ACA0-DAC3FCDDE169}.Release|x86.Deploy.0 = Release|Any CPU
		{5D69C6CD-B003-40E4-9B95-4EF08B0458D4}.Ad-Hoc|Any CPU.ActiveCfg = Ad-Hoc|iPhone
		{5D69C6CD-B003-40E4-9B95-4EF08B0458D4}.Ad-Hoc|Any CPU.Build.0 = Ad-Hoc|iPhone
		{5D69C6CD-B003-40E4-9B95-4EF08B0458D4}.Ad-Hoc|Any CPU.Deploy.0 = Ad-Hoc|iPhone
		{5D69C6CD-B003-40E4-9B95-4EF08B0458D4}.Ad-Hoc|ARM.ActiveCfg = Ad-Hoc|iPhone
		{5D69C6CD-B003-40E4-9B95-4EF08B0458D4}.Ad-Hoc|ARM.Build.0 = Ad-Hoc|iPhone
		{5D69C6CD-B003-40E4-9B95-4EF08B0458D4}.Ad-Hoc|ARM.Deploy.0 = Ad-Hoc|iPhone
		{5D69C6CD-B003-40E4-9B95-4EF08B0458D4}.Ad-Hoc|iPhone.ActiveCfg = Ad-Hoc|iPhone
		{5D69C6CD-B003-40E4-9B95-4EF08B0458D4}.Ad-Hoc|iPhone.Build.0 = Ad-Hoc|iPhone
		{5D69C6CD-B003-40E4-9B95-4EF08B0458D4}.Ad-Hoc|iPhone.Deploy.0 = Ad-Hoc|iPhone
		{5D69C6CD-B003-40E4-9B95-4EF08B0458D4}.Ad-Hoc|iPhoneSimulator.ActiveCfg = Ad-Hoc|iPhoneSimulator
		{5D69C6CD-B003-40E4-9B95-4EF08B0458D4}.Ad-Hoc|iPhoneSimulator.Build.0 = Ad-Hoc|iPhoneSimulator
		{5D69C6CD-B003-40E4-9B95-4EF08B0458D4}.Ad-Hoc|iPhoneSimulator.Deploy.0 = Ad-Hoc|iPhoneSimulator
		{5D69C6CD-B003-40E4-9B95-4EF08B0458D4}.Ad-Hoc|x64.ActiveCfg = Ad-Hoc|iPhone
		{5D69C6CD-B003-40E4-9B95-4EF08B0458D4}.Ad-Hoc|x64.Build.0 = Ad-Hoc|iPhone
		{5D69C6CD-B003-40E4-9B95-4EF08B0458D4}.Ad-Hoc|x64.Deploy.0 = Ad-Hoc|iPhone
		{5D69C6CD-B003-40E4-9B95-4EF08B0458D4}.Ad-Hoc|x86.ActiveCfg = Ad-Hoc|iPhone
		{5D69C6CD-B003-40E4-9B95-4EF08B0458D4}.Ad-Hoc|x86.Build.0 = Ad-Hoc|iPhone
		{5D69C6CD-B003-40E4-9B95-4EF08B0458D4}.Ad-Hoc|x86.Deploy.0 = Ad-Hoc|iPhone
		{5D69C6CD-B003-40E4-9B95-4EF08B0458D4}.AppStore|Any CPU.ActiveCfg = AppStore|iPhone
		{5D69C6CD-B003-40E4-9B95-4EF08B0458D4}.AppStore|Any CPU.Build.0 = AppStore|iPhone
		{5D69C6CD-B003-40E4-9B95-4EF08B0458D4}.AppStore|Any CPU.Deploy.0 = AppStore|iPhone
		{5D69C6CD-B003-40E4-9B95-4EF08B0458D4}.AppStore|ARM.ActiveCfg = AppStore|iPhone
		{5D69C6CD-B003-40E4-9B95-4EF08B0458D4}.AppStore|ARM.Build.0 = AppStore|iPhone
		{5D69C6CD-B003-40E4-9B95-4EF08B0458D4}.AppStore|ARM.Deploy.0 = AppStore|iPhone
		{5D69C6CD-B003-40E4-9B95-4EF08B0458D4}.AppStore|iPhone.ActiveCfg = AppStore|iPhone
		{5D69C6CD-B003-40E4-9B95-4EF08B0458D4}.AppStore|iPhone.Build.0 = AppStore|iPhone
		{5D69C6CD-B003-40E4-9B95-4EF08B0458D4}.AppStore|iPhone.Deploy.0 = AppStore|iPhone
		{5D69C6CD-B003-40E4-9B95-4EF08B0458D4}.AppStore|iPhoneSimulator.ActiveCfg = AppStore|iPhoneSimulator
		{5D69C6CD-B003-40E4-9B95-4EF08B0458D4}.AppStore|iPhoneSimulator.Build.0 = AppStore|iPhoneSimulator
		{5D69C6CD-B003-40E4-9B95-4EF08B0458D4}.AppStore|iPhoneSimulator.Deploy.0 = AppStore|iPhoneSimulator
		{5D69C6CD-B003-40E4-9B95-4EF08B0458D4}.AppStore|x64.ActiveCfg = AppStore|iPhone
		{5D69C6CD-B003-40E4-9B95-4EF08B0458D4}.AppStore|x64.Build.0 = AppStore|iPhone
		{5D69C6CD-B003-40E4-9B95-4EF08B0458D4}.AppStore|x64.Deploy.0 = AppStore|iPhone
		{5D69C6CD-B003-40E4-9B95-4EF08B0458D4}.AppStore|x86.ActiveCfg = AppStore|iPhone
		{5D69C6CD-B003-40E4-9B95-4EF08B0458D4}.AppStore|x86.Build.0 = AppStore|iPhone
		{5D69C6CD-B003-40E4-9B95-4EF08B0458D4}.AppStore|x86.Deploy.0 = AppStore|iPhone
		{5D69C6CD-B003-40E4-9B95-4EF08B0458D4}.Debug|Any CPU.ActiveCfg = Debug|iPhoneSimulator
		{5D69C6CD-B003-40E4-9B95-4EF08B0458D4}.Debug|Any CPU.Build.0 = Debug|iPhoneSimulator
		{5D69C6CD-B003-40E4-9B95-4EF08B0458D4}.Debug|Any CPU.Deploy.0 = Debug|iPhoneSimulator
		{5D69C6CD-B003-40E4-9B95-4EF08B0458D4}.Debug|ARM.ActiveCfg = Debug|iPhone
		{5D69C6CD-B003-40E4-9B95-4EF08B0458D4}.Debug|ARM.Build.0 = Debug|iPhone
		{5D69C6CD-B003-40E4-9B95-4EF08B0458D4}.Debug|ARM.Deploy.0 = Debug|iPhone
		{5D69C6CD-B003-40E4-9B95-4EF08B0458D4}.Debug|iPhone.ActiveCfg = Debug|iPhone
		{5D69C6CD-B003-40E4-9B95-4EF08B0458D4}.Debug|iPhone.Build.0 = Debug|iPhone
		{5D69C6CD-B003-40E4-9B95-4EF08B0458D4}.Debug|iPhone.Deploy.0 = Debug|iPhone
		{5D69C6CD-B003-40E4-9B95-4EF08B0458D4}.Debug|iPhoneSimulator.ActiveCfg = Debug|iPhoneSimulator
		{5D69C6CD-B003-40E4-9B95-4EF08B0458D4}.Debug|iPhoneSimulator.Build.0 = Debug|iPhoneSimulator
		{5D69C6CD-B003-40E4-9B95-4EF08B0458D4}.Debug|iPhoneSimulator.Deploy.0 = Debug|iPhoneSimulator
		{5D69C6CD-B003-40E4-9B95-4EF08B0458D4}.Debug|x64.ActiveCfg = Debug|iPhone
		{5D69C6CD-B003-40E4-9B95-4EF08B0458D4}.Debug|x64.Build.0 = Debug|iPhone
		{5D69C6CD-B003-40E4-9B95-4EF08B0458D4}.Debug|x64.Deploy.0 = Debug|iPhone
		{5D69C6CD-B003-40E4-9B95-4EF08B0458D4}.Debug|x86.ActiveCfg = Debug|iPhone
		{5D69C6CD-B003-40E4-9B95-4EF08B0458D4}.Debug|x86.Build.0 = Debug|iPhone
		{5D69C6CD-B003-40E4-9B95-4EF08B0458D4}.Debug|x86.Deploy.0 = Debug|iPhone
		{5D69C6CD-B003-40E4-9B95-4EF08B0458D4}.Release|Any CPU.ActiveCfg = Release|iPhone
		{5D69C6CD-B003-40E4-9B95-4EF08B0458D4}.Release|Any CPU.Build.0 = Release|iPhone
		{5D69C6CD-B003-40E4-9B95-4EF08B0458D4}.Release|Any CPU.Deploy.0 = Release|iPhone
		{5D69C6CD-B003-40E4-9B95-4EF08B0458D4}.Release|ARM.ActiveCfg = Release|iPhone
		{5D69C6CD-B003-40E4-9B95-4EF08B0458D4}.Release|ARM.Build.0 = Release|iPhone
		{5D69C6CD-B003-40E4-9B95-4EF08B0458D4}.Release|ARM.Deploy.0 = Release|iPhone
		{5D69C6CD-B003-40E4-9B95-4EF08B0458D4}.Release|iPhone.ActiveCfg = Release|iPhone
		{5D69C6CD-B003-40E4-9B95-4EF08B0458D4}.Release|iPhone.Build.0 = Release|iPhone
		{5D69C6CD-B003-40E4-9B95-4EF08B0458D4}.Release|iPhone.Deploy.0 = Release|iPhone
		{5D69C6CD-B003-40E4-9B95-4EF08B0458D4}.Release|iPhoneSimulator.ActiveCfg = Release|iPhoneSimulator
		{5D69C6CD-B003-40E4-9B95-4EF08B0458D4}.Release|iPhoneSimulator.Build.0 = Release|iPhoneSimulator
		{5D69C6CD-B003-40E4-9B95-4EF08B0458D4}.Release|iPhoneSimulator.Deploy.0 = Release|iPhoneSimulator
		{5D69C6CD-B003-40E4-9B95-4EF08B0458D4}.Release|x64.ActiveCfg = Release|iPhone
		{5D69C6CD-B003-40E4-9B95-4EF08B0458D4}.Release|x64.Build.0 = Release|iPhone
		{5D69C6CD-B003-40E4-9B95-4EF08B0458D4}.Release|x64.Deploy.0 = Release|iPhone
		{5D69C6CD-B003-40E4-9B95-4EF08B0458D4}.Release|x86.ActiveCfg = Release|iPhone
		{5D69C6CD-B003-40E4-9B95-4EF08B0458D4}.Release|x86.Build.0 = Release|iPhone
		{5D69C6CD-B003-40E4-9B95-4EF08B0458D4}.Release|x86.Deploy.0 = Release|iPhone
		{72750876-42FD-407A-95B6-D892BB4AB4F4}.Ad-Hoc|Any CPU.ActiveCfg = Release|x86
		{72750876-42FD-407A-95B6-D892BB4AB4F4}.Ad-Hoc|Any CPU.Build.0 = Release|x86
		{72750876-42FD-407A-95B6-D892BB4AB4F4}.Ad-Hoc|Any CPU.Deploy.0 = Release|x86
		{72750876-42FD-407A-95B6-D892BB4AB4F4}.Ad-Hoc|ARM.ActiveCfg = Release|ARM
		{72750876-42FD-407A-95B6-D892BB4AB4F4}.Ad-Hoc|ARM.Build.0 = Release|ARM
		{72750876-42FD-407A-95B6-D892BB4AB4F4}.Ad-Hoc|ARM.Deploy.0 = Release|ARM
		{72750876-42FD-407A-95B6-D892BB4AB4F4}.Ad-Hoc|iPhone.ActiveCfg = Release|x86
		{72750876-42FD-407A-95B6-D892BB4AB4F4}.Ad-Hoc|iPhone.Build.0 = Release|x86
		{72750876-42FD-407A-95B6-D892BB4AB4F4}.Ad-Hoc|iPhone.Deploy.0 = Release|x86
		{72750876-42FD-407A-95B6-D892BB4AB4F4}.Ad-Hoc|iPhoneSimulator.ActiveCfg = Release|x86
		{72750876-42FD-407A-95B6-D892BB4AB4F4}.Ad-Hoc|iPhoneSimulator.Build.0 = Release|x86
		{72750876-42FD-407A-95B6-D892BB4AB4F4}.Ad-Hoc|iPhoneSimulator.Deploy.0 = Release|x86
		{72750876-42FD-407A-95B6-D892BB4AB4F4}.Ad-Hoc|x64.ActiveCfg = Release|x64
		{72750876-42FD-407A-95B6-D892BB4AB4F4}.Ad-Hoc|x64.Build.0 = Release|x64
		{72750876-42FD-407A-95B6-D892BB4AB4F4}.Ad-Hoc|x64.Deploy.0 = Release|x64
		{72750876-42FD-407A-95B6-D892BB4AB4F4}.Ad-Hoc|x86.ActiveCfg = Release|x86
		{72750876-42FD-407A-95B6-D892BB4AB4F4}.Ad-Hoc|x86.Build.0 = Release|x86
		{72750876-42FD-407A-95B6-D892BB4AB4F4}.Ad-Hoc|x86.Deploy.0 = Release|x86
		{72750876-42FD-407A-95B6-D892BB4AB4F4}.AppStore|Any CPU.ActiveCfg = Release|x86
		{72750876-42FD-407A-95B6-D892BB4AB4F4}.AppStore|Any CPU.Build.0 = Release|x86
		{72750876-42FD-407A-95B6-D892BB4AB4F4}.AppStore|Any CPU.Deploy.0 = Release|x86
		{72750876-42FD-407A-95B6-D892BB4AB4F4}.AppStore|ARM.ActiveCfg = Release|ARM
		{72750876-42FD-407A-95B6-D892BB4AB4F4}.AppStore|ARM.Build.0 = Release|ARM
		{72750876-42FD-407A-95B6-D892BB4AB4F4}.AppStore|ARM.Deploy.0 = Release|ARM
		{72750876-42FD-407A-95B6-D892BB4AB4F4}.AppStore|iPhone.ActiveCfg = Release|x86
		{72750876-42FD-407A-95B6-D892BB4AB4F4}.AppStore|iPhone.Build.0 = Release|x86
		{72750876-42FD-407A-95B6-D892BB4AB4F4}.AppStore|iPhone.Deploy.0 = Release|x86
		{72750876-42FD-407A-95B6-D892BB4AB4F4}.AppStore|iPhoneSimulator.ActiveCfg = Release|x86
		{72750876-42FD-407A-95B6-D892BB4AB4F4}.AppStore|iPhoneSimulator.Build.0 = Release|x86
		{72750876-42FD-407A-95B6-D892BB4AB4F4}.AppStore|iPhoneSimulator.Deploy.0 = Release|x86
		{72750876-42FD-407A-95B6-D892BB4AB4F4}.AppStore|x64.ActiveCfg = Release|x64
		{72750876-42FD-407A-95B6-D892BB4AB4F4}.AppStore|x64.Build.0 = Release|x64
		{72750876-42FD-407A-95B6-D892BB4AB4F4}.AppStore|x64.Deploy.0 = Release|x64
		{72750876-42FD-407A-95B6-D892BB4AB4F4}.AppStore|x86.ActiveCfg = Release|x86
		{72750876-42FD-407A-95B6-D892BB4AB4F4}.AppStore|x86.Build.0 = Release|x86
		{72750876-42FD-407A-95B6-D892BB4AB4F4}.AppStore|x86.Deploy.0 = Release|x86
		{72750876-42FD-407A-95B6-D892BB4AB4F4}.Debug|Any CPU.ActiveCfg = Debug|x86
		{72750876-42FD-407A-95B6-D892BB4AB4F4}.Debug|Any CPU.Build.0 = Debug|x86
		{72750876-42FD-407A-95B6-D892BB4AB4F4}.Debug|Any CPU.Deploy.0 = Debug|x86
		{72750876-42FD-407A-95B6-D892BB4AB4F4}.Debug|ARM.ActiveCfg = Debug|ARM
		{72750876-42FD-407A-95B6-D892BB4AB4F4}.Debug|ARM.Build.0 = Debug|ARM
		{72750876-42FD-407A-95B6-D892BB4AB4F4}.Debug|ARM.Deploy.0 = Debug|ARM
		{72750876-42FD-407A-95B6-D892BB4AB4F4}.Debug|iPhone.ActiveCfg = Debug|x86
		{72750876-42FD-407A-95B6-D892BB4AB4F4}.Debug|iPhone.Build.0 = Debug|x86
		{72750876-42FD-407A-95B6-D892BB4AB4F4}.Debug|iPhone.Deploy.0 = Debug|x86
		{72750876-42FD-407A-95B6-D892BB4AB4F4}.Debug|iPhoneSimulator.ActiveCfg = Debug|x86
		{72750876-42FD-407A-95B6-D892BB4AB4F4}.Debug|iPhoneSimulator.Build.0 = Debug|x86
		{72750876-42FD-407A-95B6-D892BB4AB4F4}.Debug|iPhoneSimulator.Deploy.0 = Debug|x86
		{72750876-42FD-407A-95B6-D892BB4AB4F4}.Debug|x64.ActiveCfg = Debug|x64
		{72750876-42FD-407A-95B6-D892BB4AB4F4}.Debug|x64.Build.0 = Debug|x64
		{72750876-42FD-407A-95B6-D892BB4AB4F4}.Debug|x64.Deploy.0 = Debug|x64
		{72750876-42FD-407A-95B6-D892BB4AB4F4}.Debug|x86.ActiveCfg = Debug|x86
		{72750876-42FD-407A-95B6-D892BB4AB4F4}.Debug|x86.Build.0 = Debug|x86
		{72750876-42FD-407A-95B6-D892BB4AB4F4}.Debug|x86.Deploy.0 = Debug|x86
		{72750876-42FD-407A-95B6-D892BB4AB4F4}.Release|Any CPU.ActiveCfg = Release|x86
		{72750876-42FD-407A-95B6-D892BB4AB4F4}.Release|Any CPU.Build.0 = Release|x86
		{72750876-42FD-407A-95B6-D892BB4AB4F4}.Release|Any CPU.Deploy.0 = Release|x86
		{72750876-42FD-407A-95B6-D892BB4AB4F4}.Release|ARM.ActiveCfg = Release|ARM
		{72750876-42FD-407A-95B6-D892BB4AB4F4}.Release|ARM.Build.0 = Release|ARM
		{72750876-42FD-407A-95B6-D892BB4AB4F4}.Release|ARM.Deploy.0 = Release|ARM
		{72750876-42FD-407A-95B6-D892BB4AB4F4}.Release|iPhone.ActiveCfg = Release|x86
		{72750876-42FD-407A-95B6-D892BB4AB4F4}.Release|iPhone.Build.0 = Release|x86
		{72750876-42FD-407A-95B6-D892BB4AB4F4}.Release|iPhone.Deploy.0 = Release|x86
		{72750876-42FD-407A-95B6-D892BB4AB4F4}.Release|iPhoneSimulator.ActiveCfg = Release|x86
		{72750876-42FD-407A-95B6-D892BB4AB4F4}.Release|iPhoneSimulator.Build.0 = Release|x86
		{72750876-42FD-407A-95B6-D892BB4AB4F4}.Release|iPhoneSimulator.Deploy.0 = Release|x86
		{72750876-42FD-407A-95B6-D892BB4AB4F4}.Release|x64.ActiveCfg = Release|x64
		{72750876-42FD-407A-95B6-D892BB4AB4F4}.Release|x64.Build.0 = Release|x64
		{72750876-42FD-407A-95B6-D892BB4AB4F4}.Release|x64.Deploy.0 = Release|x64
		{72750876-42FD-407A-95B6-D892BB4AB4F4}.Release|x86.ActiveCfg = Release|x86
		{72750876-42FD-407A-95B6-D892BB4AB4F4}.Release|x86.Build.0 = Release|x86
		{72750876-42FD-407A-95B6-D892BB4AB4F4}.Release|x86.Deploy.0 = Release|x86
		{30619399-28CE-4292-8107-31531F6EDEF8}.Ad-Hoc|Any CPU.ActiveCfg = Debug|Any CPU
		{30619399-28CE-4292-8107-31531F6EDEF8}.Ad-Hoc|Any CPU.Build.0 = Debug|Any CPU
		{30619399-28CE-4292-8107-31531F6EDEF8}.Ad-Hoc|Any CPU.Deploy.0 = Debug|Any CPU
		{30619399-28CE-4292-8107-31531F6EDEF8}.Ad-Hoc|ARM.ActiveCfg = Debug|Any CPU
		{30619399-28CE-4292-8107-31531F6EDEF8}.Ad-Hoc|ARM.Build.0 = Debug|Any CPU
		{30619399-28CE-4292-8107-31531F6EDEF8}.Ad-Hoc|ARM.Deploy.0 = Debug|Any CPU
		{30619399-28CE-4292-8107-31531F6EDEF8}.Ad-Hoc|iPhone.ActiveCfg = Debug|Any CPU
		{30619399-28CE-4292-8107-31531F6EDEF8}.Ad-Hoc|iPhone.Build.0 = Debug|Any CPU
		{30619399-28CE-4292-8107-31531F6EDEF8}.Ad-Hoc|iPhone.Deploy.0 = Debug|Any CPU
		{30619399-28CE-4292-8107-31531F6EDEF8}.Ad-Hoc|iPhoneSimulator.ActiveCfg = Debug|Any CPU
		{30619399-28CE-4292-8107-31531F6EDEF8}.Ad-Hoc|iPhoneSimulator.Build.0 = Debug|Any CPU
		{30619399-28CE-4292-8107-31531F6EDEF8}.Ad-Hoc|iPhoneSimulator.Deploy.0 = Debug|Any CPU
		{30619399-28CE-4292-8107-31531F6EDEF8}.Ad-Hoc|x64.ActiveCfg = Debug|Any CPU
		{30619399-28CE-4292-8107-31531F6EDEF8}.Ad-Hoc|x64.Build.0 = Debug|Any CPU
		{30619399-28CE-4292-8107-31531F6EDEF8}.Ad-Hoc|x64.Deploy.0 = Debug|Any CPU
		{30619399-28CE-4292-8107-31531F6EDEF8}.Ad-Hoc|x86.ActiveCfg = Debug|Any CPU
		{30619399-28CE-4292-8107-31531F6EDEF8}.Ad-Hoc|x86.Build.0 = Debug|Any CPU
		{30619399-28CE-4292-8107-31531F6EDEF8}.Ad-Hoc|x86.Deploy.0 = Debug|Any CPU
		{30619399-28CE-4292-8107-31531F6EDEF8}.AppStore|Any CPU.ActiveCfg = Debug|Any CPU
		{30619399-28CE-4292-8107-31531F6EDEF8}.AppStore|Any CPU.Build.0 = Debug|Any CPU
		{30619399-28CE-4292-8107-31531F6EDEF8}.AppStore|Any CPU.Deploy.0 = Debug|Any CPU
		{30619399-28CE-4292-8107-31531F6EDEF8}.AppStore|ARM.ActiveCfg = Debug|Any CPU
		{30619399-28CE-4292-8107-31531F6EDEF8}.AppStore|ARM.Build.0 = Debug|Any CPU
		{30619399-28CE-4292-8107-31531F6EDEF8}.AppStore|ARM.Deploy.0 = Debug|Any CPU
		{30619399-28CE-4292-8107-31531F6EDEF8}.AppStore|iPhone.ActiveCfg = Debug|Any CPU
		{30619399-28CE-4292-8107-31531F6EDEF8}.AppStore|iPhone.Build.0 = Debug|Any CPU
		{30619399-28CE-4292-8107-31531F6EDEF8}.AppStore|iPhone.Deploy.0 = Debug|Any CPU
		{30619399-28CE-4292-8107-31531F6EDEF8}.AppStore|iPhoneSimulator.ActiveCfg = Debug|Any CPU
		{30619399-28CE-4292-8107-31531F6EDEF8}.AppStore|iPhoneSimulator.Build.0 = Debug|Any CPU
		{30619399-28CE-4292-8107-31531F6EDEF8}.AppStore|iPhoneSimulator.Deploy.0 = Debug|Any CPU
		{30619399-28CE-4292-8107-31531F6EDEF8}.AppStore|x64.ActiveCfg = Debug|Any CPU
		{30619399-28CE-4292-8107-31531F6EDEF8}.AppStore|x64.Build.0 = Debug|Any CPU
		{30619399-28CE-4292-8107-31531F6EDEF8}.AppStore|x64.Deploy.0 = Debug|Any CPU
		{30619399-28CE-4292-8107-31531F6EDEF8}.AppStore|x86.ActiveCfg = Debug|Any CPU
		{30619399-28CE-4292-8107-31531F6EDEF8}.AppStore|x86.Build.0 = Debug|Any CPU
		{30619399-28CE-4292-8107-31531F6EDEF8}.AppStore|x86.Deploy.0 = Debug|Any CPU
		{30619399-28CE-4292-8107-31531F6EDEF8}.Debug|Any CPU.ActiveCfg = Debug|Any CPU
		{30619399-28CE-4292-8107-31531F6EDEF8}.Debug|Any CPU.Build.0 = Debug|Any CPU
		{30619399-28CE-4292-8107-31531F6EDEF8}.Debug|Any CPU.Deploy.0 = Debug|Any CPU
		{30619399-28CE-4292-8107-31531F6EDEF8}.Debug|ARM.ActiveCfg = Debug|Any CPU
		{30619399-28CE-4292-8107-31531F6EDEF8}.Debug|ARM.Build.0 = Debug|Any CPU
		{30619399-28CE-4292-8107-31531F6EDEF8}.Debug|ARM.Deploy.0 = Debug|Any CPU
		{30619399-28CE-4292-8107-31531F6EDEF8}.Debug|iPhone.ActiveCfg = Debug|Any CPU
		{30619399-28CE-4292-8107-31531F6EDEF8}.Debug|iPhone.Build.0 = Debug|Any CPU
		{30619399-28CE-4292-8107-31531F6EDEF8}.Debug|iPhone.Deploy.0 = Debug|Any CPU
		{30619399-28CE-4292-8107-31531F6EDEF8}.Debug|iPhoneSimulator.ActiveCfg = Debug|Any CPU
		{30619399-28CE-4292-8107-31531F6EDEF8}.Debug|iPhoneSimulator.Build.0 = Debug|Any CPU
		{30619399-28CE-4292-8107-31531F6EDEF8}.Debug|iPhoneSimulator.Deploy.0 = Debug|Any CPU
		{30619399-28CE-4292-8107-31531F6EDEF8}.Debug|x64.ActiveCfg = Debug|Any CPU
		{30619399-28CE-4292-8107-31531F6EDEF8}.Debug|x64.Build.0 = Debug|Any CPU
		{30619399-28CE-4292-8107-31531F6EDEF8}.Debug|x64.Deploy.0 = Debug|Any CPU
		{30619399-28CE-4292-8107-31531F6EDEF8}.Debug|x86.ActiveCfg = Debug|Any CPU
		{30619399-28CE-4292-8107-31531F6EDEF8}.Debug|x86.Build.0 = Debug|Any CPU
		{30619399-28CE-4292-8107-31531F6EDEF8}.Debug|x86.Deploy.0 = Debug|Any CPU
		{30619399-28CE-4292-8107-31531F6EDEF8}.Release|Any CPU.ActiveCfg = Release|Any CPU
		{30619399-28CE-4292-8107-31531F6EDEF8}.Release|Any CPU.Build.0 = Release|Any CPU
		{30619399-28CE-4292-8107-31531F6EDEF8}.Release|Any CPU.Deploy.0 = Release|Any CPU
		{30619399-28CE-4292-8107-31531F6EDEF8}.Release|ARM.ActiveCfg = Release|Any CPU
		{30619399-28CE-4292-8107-31531F6EDEF8}.Release|ARM.Build.0 = Release|Any CPU
		{30619399-28CE-4292-8107-31531F6EDEF8}.Release|ARM.Deploy.0 = Release|Any CPU
		{30619399-28CE-4292-8107-31531F6EDEF8}.Release|iPhone.ActiveCfg = Release|Any CPU
		{30619399-28CE-4292-8107-31531F6EDEF8}.Release|iPhone.Build.0 = Release|Any CPU
		{30619399-28CE-4292-8107-31531F6EDEF8}.Release|iPhone.Deploy.0 = Release|Any CPU
		{30619399-28CE-4292-8107-31531F6EDEF8}.Release|iPhoneSimulator.ActiveCfg = Release|Any CPU
		{30619399-28CE-4292-8107-31531F6EDEF8}.Release|iPhoneSimulator.Build.0 = Release|Any CPU
		{30619399-28CE-4292-8107-31531F6EDEF8}.Release|iPhoneSimulator.Deploy.0 = Release|Any CPU
		{30619399-28CE-4292-8107-31531F6EDEF8}.Release|x64.ActiveCfg = Release|Any CPU
		{30619399-28CE-4292-8107-31531F6EDEF8}.Release|x64.Build.0 = Release|Any CPU
		{30619399-28CE-4292-8107-31531F6EDEF8}.Release|x64.Deploy.0 = Release|Any CPU
		{30619399-28CE-4292-8107-31531F6EDEF8}.Release|x86.ActiveCfg = Release|Any CPU
		{30619399-28CE-4292-8107-31531F6EDEF8}.Release|x86.Build.0 = Release|Any CPU
		{30619399-28CE-4292-8107-31531F6EDEF8}.Release|x86.Deploy.0 = Release|Any CPU
		{0D1023E6-72F4-46A9-9AF4-F1B8E46BE3DD}.Ad-Hoc|Any CPU.ActiveCfg = Release|Any CPU
		{0D1023E6-72F4-46A9-9AF4-F1B8E46BE3DD}.Ad-Hoc|Any CPU.Build.0 = Release|Any CPU
		{0D1023E6-72F4-46A9-9AF4-F1B8E46BE3DD}.Ad-Hoc|ARM.ActiveCfg = Release|Any CPU
		{0D1023E6-72F4-46A9-9AF4-F1B8E46BE3DD}.Ad-Hoc|ARM.Build.0 = Release|Any CPU
		{0D1023E6-72F4-46A9-9AF4-F1B8E46BE3DD}.Ad-Hoc|iPhone.ActiveCfg = Release|Any CPU
		{0D1023E6-72F4-46A9-9AF4-F1B8E46BE3DD}.Ad-Hoc|iPhone.Build.0 = Release|Any CPU
		{0D1023E6-72F4-46A9-9AF4-F1B8E46BE3DD}.Ad-Hoc|iPhoneSimulator.ActiveCfg = Release|Any CPU
		{0D1023E6-72F4-46A9-9AF4-F1B8E46BE3DD}.Ad-Hoc|iPhoneSimulator.Build.0 = Release|Any CPU
		{0D1023E6-72F4-46A9-9AF4-F1B8E46BE3DD}.Ad-Hoc|x64.ActiveCfg = Release|Any CPU
		{0D1023E6-72F4-46A9-9AF4-F1B8E46BE3DD}.Ad-Hoc|x64.Build.0 = Release|Any CPU
		{0D1023E6-72F4-46A9-9AF4-F1B8E46BE3DD}.Ad-Hoc|x86.ActiveCfg = Release|Any CPU
		{0D1023E6-72F4-46A9-9AF4-F1B8E46BE3DD}.Ad-Hoc|x86.Build.0 = Release|Any CPU
		{0D1023E6-72F4-46A9-9AF4-F1B8E46BE3DD}.AppStore|Any CPU.ActiveCfg = Release|Any CPU
		{0D1023E6-72F4-46A9-9AF4-F1B8E46BE3DD}.AppStore|Any CPU.Build.0 = Release|Any CPU
		{0D1023E6-72F4-46A9-9AF4-F1B8E46BE3DD}.AppStore|ARM.ActiveCfg = Release|Any CPU
		{0D1023E6-72F4-46A9-9AF4-F1B8E46BE3DD}.AppStore|ARM.Build.0 = Release|Any CPU
		{0D1023E6-72F4-46A9-9AF4-F1B8E46BE3DD}.AppStore|iPhone.ActiveCfg = Release|Any CPU
		{0D1023E6-72F4-46A9-9AF4-F1B8E46BE3DD}.AppStore|iPhone.Build.0 = Release|Any CPU
		{0D1023E6-72F4-46A9-9AF4-F1B8E46BE3DD}.AppStore|iPhoneSimulator.ActiveCfg = Release|Any CPU
		{0D1023E6-72F4-46A9-9AF4-F1B8E46BE3DD}.AppStore|iPhoneSimulator.Build.0 = Release|Any CPU
		{0D1023E6-72F4-46A9-9AF4-F1B8E46BE3DD}.AppStore|x64.ActiveCfg = Release|Any CPU
		{0D1023E6-72F4-46A9-9AF4-F1B8E46BE3DD}.AppStore|x64.Build.0 = Release|Any CPU
		{0D1023E6-72F4-46A9-9AF4-F1B8E46BE3DD}.AppStore|x86.ActiveCfg = Release|Any CPU
		{0D1023E6-72F4-46A9-9AF4-F1B8E46BE3DD}.AppStore|x86.Build.0 = Release|Any CPU
		{0D1023E6-72F4-46A9-9AF4-F1B8E46BE3DD}.Debug|Any CPU.ActiveCfg = Debug|Any CPU
		{0D1023E6-72F4-46A9-9AF4-F1B8E46BE3DD}.Debug|Any CPU.Build.0 = Debug|Any CPU
		{0D1023E6-72F4-46A9-9AF4-F1B8E46BE3DD}.Debug|ARM.ActiveCfg = Debug|Any CPU
		{0D1023E6-72F4-46A9-9AF4-F1B8E46BE3DD}.Debug|ARM.Build.0 = Debug|Any CPU
		{0D1023E6-72F4-46A9-9AF4-F1B8E46BE3DD}.Debug|iPhone.ActiveCfg = Debug|Any CPU
		{0D1023E6-72F4-46A9-9AF4-F1B8E46BE3DD}.Debug|iPhone.Build.0 = Debug|Any CPU
		{0D1023E6-72F4-46A9-9AF4-F1B8E46BE3DD}.Debug|iPhoneSimulator.ActiveCfg = Debug|Any CPU
		{0D1023E6-72F4-46A9-9AF4-F1B8E46BE3DD}.Debug|iPhoneSimulator.Build.0 = Debug|Any CPU
		{0D1023E6-72F4-46A9-9AF4-F1B8E46BE3DD}.Debug|x64.ActiveCfg = Debug|Any CPU
		{0D1023E6-72F4-46A9-9AF4-F1B8E46BE3DD}.Debug|x64.Build.0 = Debug|Any CPU
		{0D1023E6-72F4-46A9-9AF4-F1B8E46BE3DD}.Debug|x86.ActiveCfg = Debug|Any CPU
		{0D1023E6-72F4-46A9-9AF4-F1B8E46BE3DD}.Debug|x86.Build.0 = Debug|Any CPU
		{0D1023E6-72F4-46A9-9AF4-F1B8E46BE3DD}.Release|Any CPU.ActiveCfg = Release|Any CPU
		{0D1023E6-72F4-46A9-9AF4-F1B8E46BE3DD}.Release|Any CPU.Build.0 = Release|Any CPU
		{0D1023E6-72F4-46A9-9AF4-F1B8E46BE3DD}.Release|ARM.ActiveCfg = Release|Any CPU
		{0D1023E6-72F4-46A9-9AF4-F1B8E46BE3DD}.Release|ARM.Build.0 = Release|Any CPU
		{0D1023E6-72F4-46A9-9AF4-F1B8E46BE3DD}.Release|iPhone.ActiveCfg = Release|Any CPU
		{0D1023E6-72F4-46A9-9AF4-F1B8E46BE3DD}.Release|iPhone.Build.0 = Release|Any CPU
		{0D1023E6-72F4-46A9-9AF4-F1B8E46BE3DD}.Release|iPhoneSimulator.ActiveCfg = Release|Any CPU
		{0D1023E6-72F4-46A9-9AF4-F1B8E46BE3DD}.Release|iPhoneSimulator.Build.0 = Release|Any CPU
		{0D1023E6-72F4-46A9-9AF4-F1B8E46BE3DD}.Release|x64.ActiveCfg = Release|Any CPU
		{0D1023E6-72F4-46A9-9AF4-F1B8E46BE3DD}.Release|x64.Build.0 = Release|Any CPU
		{0D1023E6-72F4-46A9-9AF4-F1B8E46BE3DD}.Release|x86.ActiveCfg = Release|Any CPU
		{0D1023E6-72F4-46A9-9AF4-F1B8E46BE3DD}.Release|x86.Build.0 = Release|Any CPU
		{1793A9D0-CA5C-4D55-B87A-3EE573E1C999}.Ad-Hoc|Any CPU.ActiveCfg = Release|Any CPU
		{1793A9D0-CA5C-4D55-B87A-3EE573E1C999}.Ad-Hoc|Any CPU.Build.0 = Release|Any CPU
		{1793A9D0-CA5C-4D55-B87A-3EE573E1C999}.Ad-Hoc|ARM.ActiveCfg = Release|Any CPU
		{1793A9D0-CA5C-4D55-B87A-3EE573E1C999}.Ad-Hoc|ARM.Build.0 = Release|Any CPU
		{1793A9D0-CA5C-4D55-B87A-3EE573E1C999}.Ad-Hoc|iPhone.ActiveCfg = Release|Any CPU
		{1793A9D0-CA5C-4D55-B87A-3EE573E1C999}.Ad-Hoc|iPhone.Build.0 = Release|Any CPU
		{1793A9D0-CA5C-4D55-B87A-3EE573E1C999}.Ad-Hoc|iPhoneSimulator.ActiveCfg = Release|Any CPU
		{1793A9D0-CA5C-4D55-B87A-3EE573E1C999}.Ad-Hoc|iPhoneSimulator.Build.0 = Release|Any CPU
		{1793A9D0-CA5C-4D55-B87A-3EE573E1C999}.Ad-Hoc|x64.ActiveCfg = Release|Any CPU
		{1793A9D0-CA5C-4D55-B87A-3EE573E1C999}.Ad-Hoc|x64.Build.0 = Release|Any CPU
		{1793A9D0-CA5C-4D55-B87A-3EE573E1C999}.Ad-Hoc|x86.ActiveCfg = Release|Any CPU
		{1793A9D0-CA5C-4D55-B87A-3EE573E1C999}.Ad-Hoc|x86.Build.0 = Release|Any CPU
		{1793A9D0-CA5C-4D55-B87A-3EE573E1C999}.AppStore|Any CPU.ActiveCfg = Release|Any CPU
		{1793A9D0-CA5C-4D55-B87A-3EE573E1C999}.AppStore|Any CPU.Build.0 = Release|Any CPU
		{1793A9D0-CA5C-4D55-B87A-3EE573E1C999}.AppStore|ARM.ActiveCfg = Release|Any CPU
		{1793A9D0-CA5C-4D55-B87A-3EE573E1C999}.AppStore|ARM.Build.0 = Release|Any CPU
		{1793A9D0-CA5C-4D55-B87A-3EE573E1C999}.AppStore|iPhone.ActiveCfg = Release|Any CPU
		{1793A9D0-CA5C-4D55-B87A-3EE573E1C999}.AppStore|iPhone.Build.0 = Release|Any CPU
		{1793A9D0-CA5C-4D55-B87A-3EE573E1C999}.AppStore|iPhoneSimulator.ActiveCfg = Release|Any CPU
		{1793A9D0-CA5C-4D55-B87A-3EE573E1C999}.AppStore|iPhoneSimulator.Build.0 = Release|Any CPU
		{1793A9D0-CA5C-4D55-B87A-3EE573E1C999}.AppStore|x64.ActiveCfg = Release|Any CPU
		{1793A9D0-CA5C-4D55-B87A-3EE573E1C999}.AppStore|x64.Build.0 = Release|Any CPU
		{1793A9D0-CA5C-4D55-B87A-3EE573E1C999}.AppStore|x86.ActiveCfg = Release|Any CPU
		{1793A9D0-CA5C-4D55-B87A-3EE573E1C999}.AppStore|x86.Build.0 = Release|Any CPU
		{1793A9D0-CA5C-4D55-B87A-3EE573E1C999}.Debug|Any CPU.ActiveCfg = Debug|Any CPU
		{1793A9D0-CA5C-4D55-B87A-3EE573E1C999}.Debug|Any CPU.Build.0 = Debug|Any CPU
		{1793A9D0-CA5C-4D55-B87A-3EE573E1C999}.Debug|ARM.ActiveCfg = Debug|Any CPU
		{1793A9D0-CA5C-4D55-B87A-3EE573E1C999}.Debug|ARM.Build.0 = Debug|Any CPU
		{1793A9D0-CA5C-4D55-B87A-3EE573E1C999}.Debug|iPhone.ActiveCfg = Debug|Any CPU
		{1793A9D0-CA5C-4D55-B87A-3EE573E1C999}.Debug|iPhone.Build.0 = Debug|Any CPU
		{1793A9D0-CA5C-4D55-B87A-3EE573E1C999}.Debug|iPhoneSimulator.ActiveCfg = Debug|Any CPU
		{1793A9D0-CA5C-4D55-B87A-3EE573E1C999}.Debug|iPhoneSimulator.Build.0 = Debug|Any CPU
		{1793A9D0-CA5C-4D55-B87A-3EE573E1C999}.Debug|x64.ActiveCfg = Debug|Any CPU
		{1793A9D0-CA5C-4D55-B87A-3EE573E1C999}.Debug|x64.Build.0 = Debug|Any CPU
		{1793A9D0-CA5C-4D55-B87A-3EE573E1C999}.Debug|x86.ActiveCfg = Debug|Any CPU
		{1793A9D0-CA5C-4D55-B87A-3EE573E1C999}.Debug|x86.Build.0 = Debug|Any CPU
		{1793A9D0-CA5C-4D55-B87A-3EE573E1C999}.Release|Any CPU.ActiveCfg = Release|Any CPU
		{1793A9D0-CA5C-4D55-B87A-3EE573E1C999}.Release|Any CPU.Build.0 = Release|Any CPU
		{1793A9D0-CA5C-4D55-B87A-3EE573E1C999}.Release|ARM.ActiveCfg = Release|Any CPU
		{1793A9D0-CA5C-4D55-B87A-3EE573E1C999}.Release|ARM.Build.0 = Release|Any CPU
		{1793A9D0-CA5C-4D55-B87A-3EE573E1C999}.Release|iPhone.ActiveCfg = Release|Any CPU
		{1793A9D0-CA5C-4D55-B87A-3EE573E1C999}.Release|iPhone.Build.0 = Release|Any CPU
		{1793A9D0-CA5C-4D55-B87A-3EE573E1C999}.Release|iPhoneSimulator.ActiveCfg = Release|Any CPU
		{1793A9D0-CA5C-4D55-B87A-3EE573E1C999}.Release|iPhoneSimulator.Build.0 = Release|Any CPU
		{1793A9D0-CA5C-4D55-B87A-3EE573E1C999}.Release|x64.ActiveCfg = Release|Any CPU
		{1793A9D0-CA5C-4D55-B87A-3EE573E1C999}.Release|x64.Build.0 = Release|Any CPU
		{1793A9D0-CA5C-4D55-B87A-3EE573E1C999}.Release|x86.ActiveCfg = Release|Any CPU
		{1793A9D0-CA5C-4D55-B87A-3EE573E1C999}.Release|x86.Build.0 = Release|Any CPU
		{F1BC6524-4DAF-43C7-A3AF-A70C2BDE3A86}.Ad-Hoc|Any CPU.ActiveCfg = Release|Any CPU
		{F1BC6524-4DAF-43C7-A3AF-A70C2BDE3A86}.Ad-Hoc|Any CPU.Build.0 = Release|Any CPU
		{F1BC6524-4DAF-43C7-A3AF-A70C2BDE3A86}.Ad-Hoc|ARM.ActiveCfg = Release|Any CPU
		{F1BC6524-4DAF-43C7-A3AF-A70C2BDE3A86}.Ad-Hoc|ARM.Build.0 = Release|Any CPU
		{F1BC6524-4DAF-43C7-A3AF-A70C2BDE3A86}.Ad-Hoc|iPhone.ActiveCfg = Release|Any CPU
		{F1BC6524-4DAF-43C7-A3AF-A70C2BDE3A86}.Ad-Hoc|iPhone.Build.0 = Release|Any CPU
		{F1BC6524-4DAF-43C7-A3AF-A70C2BDE3A86}.Ad-Hoc|iPhoneSimulator.ActiveCfg = Release|Any CPU
		{F1BC6524-4DAF-43C7-A3AF-A70C2BDE3A86}.Ad-Hoc|iPhoneSimulator.Build.0 = Release|Any CPU
		{F1BC6524-4DAF-43C7-A3AF-A70C2BDE3A86}.Ad-Hoc|x64.ActiveCfg = Release|Any CPU
		{F1BC6524-4DAF-43C7-A3AF-A70C2BDE3A86}.Ad-Hoc|x64.Build.0 = Release|Any CPU
		{F1BC6524-4DAF-43C7-A3AF-A70C2BDE3A86}.Ad-Hoc|x86.ActiveCfg = Release|Any CPU
		{F1BC6524-4DAF-43C7-A3AF-A70C2BDE3A86}.Ad-Hoc|x86.Build.0 = Release|Any CPU
		{F1BC6524-4DAF-43C7-A3AF-A70C2BDE3A86}.AppStore|Any CPU.ActiveCfg = Release|Any CPU
		{F1BC6524-4DAF-43C7-A3AF-A70C2BDE3A86}.AppStore|Any CPU.Build.0 = Release|Any CPU
		{F1BC6524-4DAF-43C7-A3AF-A70C2BDE3A86}.AppStore|ARM.ActiveCfg = Release|Any CPU
		{F1BC6524-4DAF-43C7-A3AF-A70C2BDE3A86}.AppStore|ARM.Build.0 = Release|Any CPU
		{F1BC6524-4DAF-43C7-A3AF-A70C2BDE3A86}.AppStore|iPhone.ActiveCfg = Release|Any CPU
		{F1BC6524-4DAF-43C7-A3AF-A70C2BDE3A86}.AppStore|iPhone.Build.0 = Release|Any CPU
		{F1BC6524-4DAF-43C7-A3AF-A70C2BDE3A86}.AppStore|iPhoneSimulator.ActiveCfg = Release|Any CPU
		{F1BC6524-4DAF-43C7-A3AF-A70C2BDE3A86}.AppStore|iPhoneSimulator.Build.0 = Release|Any CPU
		{F1BC6524-4DAF-43C7-A3AF-A70C2BDE3A86}.AppStore|x64.ActiveCfg = Release|Any CPU
		{F1BC6524-4DAF-43C7-A3AF-A70C2BDE3A86}.AppStore|x64.Build.0 = Release|Any CPU
		{F1BC6524-4DAF-43C7-A3AF-A70C2BDE3A86}.AppStore|x86.ActiveCfg = Release|Any CPU
		{F1BC6524-4DAF-43C7-A3AF-A70C2BDE3A86}.AppStore|x86.Build.0 = Release|Any CPU
		{F1BC6524-4DAF-43C7-A3AF-A70C2BDE3A86}.Debug|Any CPU.ActiveCfg = Debug|Any CPU
		{F1BC6524-4DAF-43C7-A3AF-A70C2BDE3A86}.Debug|Any CPU.Build.0 = Debug|Any CPU
		{F1BC6524-4DAF-43C7-A3AF-A70C2BDE3A86}.Debug|ARM.ActiveCfg = Debug|Any CPU
		{F1BC6524-4DAF-43C7-A3AF-A70C2BDE3A86}.Debug|ARM.Build.0 = Debug|Any CPU
		{F1BC6524-4DAF-43C7-A3AF-A70C2BDE3A86}.Debug|iPhone.ActiveCfg = Debug|Any CPU
		{F1BC6524-4DAF-43C7-A3AF-A70C2BDE3A86}.Debug|iPhone.Build.0 = Debug|Any CPU
		{F1BC6524-4DAF-43C7-A3AF-A70C2BDE3A86}.Debug|iPhoneSimulator.ActiveCfg = Debug|Any CPU
		{F1BC6524-4DAF-43C7-A3AF-A70C2BDE3A86}.Debug|iPhoneSimulator.Build.0 = Debug|Any CPU
		{F1BC6524-4DAF-43C7-A3AF-A70C2BDE3A86}.Debug|x64.ActiveCfg = Debug|Any CPU
		{F1BC6524-4DAF-43C7-A3AF-A70C2BDE3A86}.Debug|x64.Build.0 = Debug|Any CPU
		{F1BC6524-4DAF-43C7-A3AF-A70C2BDE3A86}.Debug|x86.ActiveCfg = Debug|Any CPU
		{F1BC6524-4DAF-43C7-A3AF-A70C2BDE3A86}.Debug|x86.Build.0 = Debug|Any CPU
		{F1BC6524-4DAF-43C7-A3AF-A70C2BDE3A86}.Release|Any CPU.ActiveCfg = Release|Any CPU
		{F1BC6524-4DAF-43C7-A3AF-A70C2BDE3A86}.Release|Any CPU.Build.0 = Release|Any CPU
		{F1BC6524-4DAF-43C7-A3AF-A70C2BDE3A86}.Release|ARM.ActiveCfg = Release|Any CPU
		{F1BC6524-4DAF-43C7-A3AF-A70C2BDE3A86}.Release|ARM.Build.0 = Release|Any CPU
		{F1BC6524-4DAF-43C7-A3AF-A70C2BDE3A86}.Release|iPhone.ActiveCfg = Release|Any CPU
		{F1BC6524-4DAF-43C7-A3AF-A70C2BDE3A86}.Release|iPhone.Build.0 = Release|Any CPU
		{F1BC6524-4DAF-43C7-A3AF-A70C2BDE3A86}.Release|iPhoneSimulator.ActiveCfg = Release|Any CPU
		{F1BC6524-4DAF-43C7-A3AF-A70C2BDE3A86}.Release|iPhoneSimulator.Build.0 = Release|Any CPU
		{F1BC6524-4DAF-43C7-A3AF-A70C2BDE3A86}.Release|x64.ActiveCfg = Release|Any CPU
		{F1BC6524-4DAF-43C7-A3AF-A70C2BDE3A86}.Release|x64.Build.0 = Release|Any CPU
		{F1BC6524-4DAF-43C7-A3AF-A70C2BDE3A86}.Release|x86.ActiveCfg = Release|Any CPU
		{F1BC6524-4DAF-43C7-A3AF-A70C2BDE3A86}.Release|x86.Build.0 = Release|Any CPU
		{952AC8F4-4EF7-4211-81C5-78FB456FE2A1}.Ad-Hoc|Any CPU.ActiveCfg = Release|Any CPU
		{952AC8F4-4EF7-4211-81C5-78FB456FE2A1}.Ad-Hoc|Any CPU.Build.0 = Release|Any CPU
		{952AC8F4-4EF7-4211-81C5-78FB456FE2A1}.Ad-Hoc|ARM.ActiveCfg = Release|Any CPU
		{952AC8F4-4EF7-4211-81C5-78FB456FE2A1}.Ad-Hoc|ARM.Build.0 = Release|Any CPU
		{952AC8F4-4EF7-4211-81C5-78FB456FE2A1}.Ad-Hoc|iPhone.ActiveCfg = Release|Any CPU
		{952AC8F4-4EF7-4211-81C5-78FB456FE2A1}.Ad-Hoc|iPhone.Build.0 = Release|Any CPU
		{952AC8F4-4EF7-4211-81C5-78FB456FE2A1}.Ad-Hoc|iPhoneSimulator.ActiveCfg = Release|Any CPU
		{952AC8F4-4EF7-4211-81C5-78FB456FE2A1}.Ad-Hoc|iPhoneSimulator.Build.0 = Release|Any CPU
		{952AC8F4-4EF7-4211-81C5-78FB456FE2A1}.Ad-Hoc|x64.ActiveCfg = Release|Any CPU
		{952AC8F4-4EF7-4211-81C5-78FB456FE2A1}.Ad-Hoc|x64.Build.0 = Release|Any CPU
		{952AC8F4-4EF7-4211-81C5-78FB456FE2A1}.Ad-Hoc|x86.ActiveCfg = Release|Any CPU
		{952AC8F4-4EF7-4211-81C5-78FB456FE2A1}.Ad-Hoc|x86.Build.0 = Release|Any CPU
		{952AC8F4-4EF7-4211-81C5-78FB456FE2A1}.AppStore|Any CPU.ActiveCfg = Release|Any CPU
		{952AC8F4-4EF7-4211-81C5-78FB456FE2A1}.AppStore|Any CPU.Build.0 = Release|Any CPU
		{952AC8F4-4EF7-4211-81C5-78FB456FE2A1}.AppStore|ARM.ActiveCfg = Release|Any CPU
		{952AC8F4-4EF7-4211-81C5-78FB456FE2A1}.AppStore|ARM.Build.0 = Release|Any CPU
		{952AC8F4-4EF7-4211-81C5-78FB456FE2A1}.AppStore|iPhone.ActiveCfg = Release|Any CPU
		{952AC8F4-4EF7-4211-81C5-78FB456FE2A1}.AppStore|iPhone.Build.0 = Release|Any CPU
		{952AC8F4-4EF7-4211-81C5-78FB456FE2A1}.AppStore|iPhoneSimulator.ActiveCfg = Release|Any CPU
		{952AC8F4-4EF7-4211-81C5-78FB456FE2A1}.AppStore|iPhoneSimulator.Build.0 = Release|Any CPU
		{952AC8F4-4EF7-4211-81C5-78FB456FE2A1}.AppStore|x64.ActiveCfg = Release|Any CPU
		{952AC8F4-4EF7-4211-81C5-78FB456FE2A1}.AppStore|x64.Build.0 = Release|Any CPU
		{952AC8F4-4EF7-4211-81C5-78FB456FE2A1}.AppStore|x86.ActiveCfg = Release|Any CPU
		{952AC8F4-4EF7-4211-81C5-78FB456FE2A1}.AppStore|x86.Build.0 = Release|Any CPU
		{952AC8F4-4EF7-4211-81C5-78FB456FE2A1}.Debug|Any CPU.ActiveCfg = Debug|Any CPU
		{952AC8F4-4EF7-4211-81C5-78FB456FE2A1}.Debug|Any CPU.Build.0 = Debug|Any CPU
		{952AC8F4-4EF7-4211-81C5-78FB456FE2A1}.Debug|ARM.ActiveCfg = Debug|Any CPU
		{952AC8F4-4EF7-4211-81C5-78FB456FE2A1}.Debug|ARM.Build.0 = Debug|Any CPU
		{952AC8F4-4EF7-4211-81C5-78FB456FE2A1}.Debug|iPhone.ActiveCfg = Debug|Any CPU
		{952AC8F4-4EF7-4211-81C5-78FB456FE2A1}.Debug|iPhone.Build.0 = Debug|Any CPU
		{952AC8F4-4EF7-4211-81C5-78FB456FE2A1}.Debug|iPhoneSimulator.ActiveCfg = Debug|Any CPU
		{952AC8F4-4EF7-4211-81C5-78FB456FE2A1}.Debug|iPhoneSimulator.Build.0 = Debug|Any CPU
		{952AC8F4-4EF7-4211-81C5-78FB456FE2A1}.Debug|x64.ActiveCfg = Debug|Any CPU
		{952AC8F4-4EF7-4211-81C5-78FB456FE2A1}.Debug|x64.Build.0 = Debug|Any CPU
		{952AC8F4-4EF7-4211-81C5-78FB456FE2A1}.Debug|x86.ActiveCfg = Debug|Any CPU
		{952AC8F4-4EF7-4211-81C5-78FB456FE2A1}.Debug|x86.Build.0 = Debug|Any CPU
		{952AC8F4-4EF7-4211-81C5-78FB456FE2A1}.Release|Any CPU.ActiveCfg = Release|Any CPU
		{952AC8F4-4EF7-4211-81C5-78FB456FE2A1}.Release|Any CPU.Build.0 = Release|Any CPU
		{952AC8F4-4EF7-4211-81C5-78FB456FE2A1}.Release|ARM.ActiveCfg = Release|Any CPU
		{952AC8F4-4EF7-4211-81C5-78FB456FE2A1}.Release|ARM.Build.0 = Release|Any CPU
		{952AC8F4-4EF7-4211-81C5-78FB456FE2A1}.Release|iPhone.ActiveCfg = Release|Any CPU
		{952AC8F4-4EF7-4211-81C5-78FB456FE2A1}.Release|iPhone.Build.0 = Release|Any CPU
		{952AC8F4-4EF7-4211-81C5-78FB456FE2A1}.Release|iPhoneSimulator.ActiveCfg = Release|Any CPU
		{952AC8F4-4EF7-4211-81C5-78FB456FE2A1}.Release|iPhoneSimulator.Build.0 = Release|Any CPU
		{952AC8F4-4EF7-4211-81C5-78FB456FE2A1}.Release|x64.ActiveCfg = Release|Any CPU
		{952AC8F4-4EF7-4211-81C5-78FB456FE2A1}.Release|x64.Build.0 = Release|Any CPU
		{952AC8F4-4EF7-4211-81C5-78FB456FE2A1}.Release|x86.ActiveCfg = Release|Any CPU
		{952AC8F4-4EF7-4211-81C5-78FB456FE2A1}.Release|x86.Build.0 = Release|Any CPU
	EndGlobalSection
	GlobalSection(SolutionProperties) = preSolution
		HideSolutionNode = FALSE
	EndGlobalSection
	GlobalSection(ExtensibilityGlobals) = postSolution
		SolutionGuid = {E57D9AE2-F0EB-41D3-BB57-119D8C065F79}
	EndGlobalSection
EndGlobal
